
Microsoft Visual Studio Solution File, Format Version 12.00
# Visual Studio Version 17
VisualStudioVersion = 17.7.34202.233
MinimumVisualStudioVersion = 10.0.40219.1
Project("{9A19103F-16F7-4668-BE54-9A1E7A4F7556}") = "RepoAPI", "RepoAPI.csproj", "{14204CDD-B646-41B4-A8FF-EDA9446EF0C7}"
EndProject
Project("{9A19103F-16F7-4668-BE54-9A1E7A4F7556}") = "RequestManagerAPI", "..\RequestManager\RequestManagerAPI.csproj", "{5A56E7A8-6001-404D-8C4D-511349648089}"
EndProject
Global
	GlobalSection(SolutionConfigurationPlatforms) = preSolution
		Debug|Any CPU = Debug|Any CPU
		Release|Any CPU = Release|Any CPU
	EndGlobalSection
	GlobalSection(ProjectConfigurationPlatforms) = postSolution
		{14204CDD-B646-41B4-A8FF-EDA9446EF0C7}.Debug|Any CPU.ActiveCfg = Debug|Any CPU
		{14204CDD-B646-41B4-A8FF-EDA9446EF0C7}.Debug|Any CPU.Build.0 = Debug|Any CPU
		{14204CDD-B646-41B4-A8FF-EDA9446EF0C7}.Release|Any CPU.ActiveCfg = Release|Any CPU
		{14204CDD-B646-41B4-A8FF-EDA9446EF0C7}.Release|Any CPU.Build.0 = Release|Any CPU
		{5A56E7A8-6001-404D-8C4D-511349648089}.Debug|Any CPU.ActiveCfg = Debug|Any CPU
		{5A56E7A8-6001-404D-8C4D-511349648089}.Debug|Any CPU.Build.0 = Debug|Any CPU
		{5A56E7A8-6001-404D-8C4D-511349648089}.Release|Any CPU.ActiveCfg = Release|Any CPU
		{5A56E7A8-6001-404D-8C4D-511349648089}.Release|Any CPU.Build.0 = Release|Any CPU
	EndGlobalSection
	GlobalSection(SolutionProperties) = preSolution
		HideSolutionNode = FALSE
	EndGlobalSection
	GlobalSection(ExtensibilityGlobals) = postSolution
		SolutionGuid = {F7CDE70E-069C-4EBE-83C0-441667DE1C46}
	EndGlobalSection
EndGlobal
