
Microsoft Visual Studio Solution File, Format Version 12.00
# Visual Studio Version 17
VisualStudioVersion = 17.8.34309.116
MinimumVisualStudioVersion = 10.0.40219.1
Project("{FAE04EC0-301F-11D3-BF4B-00C04F79EFBC}") = "SchoolAPI", "SchoolAPI\SchoolAPI.csproj", "{6E4B2BE7-21AB-4CD9-8D60-BC3D18B151E5}"
EndProject
Global
	GlobalSection(SolutionConfigurationPlatforms) = preSolution
		Debug|Any CPU = Debug|Any CPU
		Release|Any CPU = Release|Any CPU
	EndGlobalSection
	GlobalSection(ProjectConfigurationPlatforms) = postSolution
		{6E4B2BE7-21AB-4CD9-8D60-BC3D18B151E5}.Debug|Any CPU.ActiveCfg = Debug|Any CPU
		{6E4B2BE7-21AB-4CD9-8D60-BC3D18B151E5}.Debug|Any CPU.Build.0 = Debug|Any CPU
		{6E4B2BE7-21AB-4CD9-8D60-BC3D18B151E5}.Release|Any CPU.ActiveCfg = Release|Any CPU
		{6E4B2BE7-21AB-4CD9-8D60-BC3D18B151E5}.Release|Any CPU.Build.0 = Release|Any CPU
	EndGlobalSection
	GlobalSection(SolutionProperties) = preSolution
		HideSolutionNode = FALSE
	EndGlobalSection
	GlobalSection(ExtensibilityGlobals) = postSolution
		SolutionGuid = {7DBAB830-74FB-4A50-B751-C555EC54D19B}
	EndGlobalSection
EndGlobal
